{"1.1.0",
[{<<"backoff">>,{pkg,<<"backoff">>,<<"1.1.3">>},1},
 {<<"certifi">>,{pkg,<<"certifi">>,<<"2.0.0">>},2},
 {<<"cowboy">>,{pkg,<<"cowboy">>,<<"2.2.0">>},0},
 {<<"cowlib">>,{pkg,<<"cowlib">>,<<"2.1.0">>},1},
 {<<"ctx">>,{pkg,<<"ctx">>,<<"0.2.0">>},1},
 {<<"goldrush">>,{pkg,<<"goldrush">>,<<"0.1.9">>},1},
 {<<"hackney">>,{pkg,<<"hackney">>,<<"1.10.1">>},1},
 {<<"idna">>,{pkg,<<"idna">>,<<"5.1.0">>},2},
 {<<"jsx">>,{pkg,<<"jsx">>,<<"2.9.0">>},1},
 {<<"kuberl">>,
  {git,"https://github.com/tsloughter/kuberl",
       {ref,"24ee3c368ddc43d50cfcf915c152e7732cebc163"}},
  0},
 {<<"lager">>,{pkg,<<"lager">>,<<"3.5.2">>},0},
 {<<"metrics">>,{pkg,<<"metrics">>,<<"1.0.1">>},2},
 {<<"mimerl">>,{pkg,<<"mimerl">>,<<"1.0.2">>},2},
 {<<"ranch">>,{pkg,<<"ranch">>,<<"1.4.0">>},0},
 {<<"ssl_verify_fun">>,{pkg,<<"ssl_verify_fun">>,<<"1.1.1">>},2},
 {<<"unicode_util_compat">>,{pkg,<<"unicode_util_compat">>,<<"0.3.1">>},3}]}.
[
{pkg_hash,[
 {<<"backoff">>, <<"DE762C05ED6DFAE862D83DC9E58AE936792B01302B3595F5CFFE86F2D8E6C1DD">>},
 {<<"certifi">>, <<"A0C0E475107135F76B8C1D5BC7EFB33CD3815CB3CF3DEA7AEFDD174DABEAD064">>},
 {<<"cowboy">>, <<"5233ED78AFE96B19EFD33B7BBCAFD15E064B187C0C131C61D50FE69D88DC76FD">>},
 {<<"cowlib">>, <<"F73658B93DD043AF40400C3E4FD997068EBD0C617F8C8F4CD003A1A78EBF94F5">>},
 {<<"ctx">>, <<"52D927742961E915E48CF504BE1A72ACC1097F8A07DFB3FA64EADFE230BFBDEF">>},
 {<<"goldrush">>, <<"F06E5D5F1277DA5C413E84D5A2924174182FB108DABB39D5EC548B27424CD106">>},
 {<<"hackney">>, <<"C38D0CA52EA80254936A32C45BB7EB414E7A96A521B4CE76D00A69753B157F21">>},
 {<<"idna">>, <<"D72B4EFFEB324AD5DA3CAB1767CB16B17939004E789D8C0AD5B70F3CEA20C89A">>},
 {<<"jsx">>, <<"D2F6E5F069C00266CAD52FB15D87C428579EA4D7D73A33669E12679E203329DD">>},
 {<<"lager">>, <<"614A8C8F67BF99B69EB264EA22121AD25511C055AAEC09B086773D5108C6767F">>},
 {<<"metrics">>, <<"25F094DEA2CDA98213CECC3AEFF09E940299D950904393B2A29D191C346A8486">>},
 {<<"mimerl">>, <<"993F9B0E084083405ED8252B99460C4F0563E41729AB42D9074FD5E52439BE88">>},
 {<<"ranch">>, <<"10272F95DA79340FA7E8774BA7930B901713D272905D0012B06CA6D994F8826B">>},
 {<<"ssl_verify_fun">>, <<"28A4D65B7F59893BC2C7DE786DEC1E1555BD742D336043FE644AE956C3497FBE">>},
 {<<"unicode_util_compat">>, <<"A1F612A7B512638634A603C8F401892AFBF99B8CE93A45041F8AACA99CADB85E">>}]}
].
